
Microsoft Visual Studio Solution File, Format Version 12.00
# Visual Studio Version 17
VisualStudioVersion = 17.2.32616.157
MinimumVisualStudioVersion = 10.0.40219.1
Project("{9A19103F-16F7-4668-BE54-9A1E7A4F7556}") = "Service_Provider", "Service_Provider\Service_Provider.csproj", "{5478C89D-58F3-45A7-8383-CF4FE25E48C6}"
EndProject
Global
	GlobalSection(SolutionConfigurationPlatforms) = preSolution
		Debug_Migration|Any CPU = Debug_Migration|Any CPU
		Debug|Any CPU = Debug|Any CPU
		Release|Any CPU = Release|Any CPU
	EndGlobalSection
	GlobalSection(ProjectConfigurationPlatforms) = postSolution
		{5478C89D-58F3-45A7-8383-CF4FE25E48C6}.Debug_Migration|Any CPU.ActiveCfg = Debug|Any CPU
		{5478C89D-58F3-45A7-8383-CF4FE25E48C6}.Debug|Any CPU.ActiveCfg = Debug|Any CPU
		{5478C89D-58F3-45A7-8383-CF4FE25E48C6}.Debug|Any CPU.Build.0 = Debug|Any CPU
		{5478C89D-58F3-45A7-8383-CF4FE25E48C6}.Release|Any CPU.ActiveCfg = Release|Any CPU
		{5478C89D-58F3-45A7-8383-CF4FE25E48C6}.Release|Any CPU.Build.0 = Release|Any CPU
	EndGlobalSection
	GlobalSection(SolutionProperties) = preSolution
		HideSolutionNode = FALSE
	EndGlobalSection
	GlobalSection(ExtensibilityGlobals) = postSolution
		SolutionGuid = {108014F5-40CE-4214-91B3-F4F3EC36AF38}
	EndGlobalSection
EndGlobal
